
Microsoft Visual Studio Solution File, Format Version 12.00
# Visual Studio Version 17
VisualStudioVersion = 17.0.31903.59
MinimumVisualStudioVersion = 10.0.40219.1
Project("{FAE04EC0-301F-11D3-BF4B-00C04F79EFBC}") = "WebApp", "WebApp\WebApp.csproj", "{3098E331-89D3-4CBF-8CF8-AAA068A057B0}"
EndProject
Project("{FAE04EC0-301F-11D3-BF4B-00C04F79EFBC}") = "Brimborium.AspNetCore.ClientAppFiles", "..\src\Brimborium.AspNetCore.ClientAppFiles\Brimborium.AspNetCore.ClientAppFiles.csproj", "{74F8F932-305D-249D-B06C-24E9ED52F5DC}"
EndProject
Project("{FAE04EC0-301F-11D3-BF4B-00C04F79EFBC}") = "ClientApp", "ClientApp\ClientApp.csproj", "{66BC04B0-973C-487C-9FDC-07C0FC008511}"
EndProject
Global
	GlobalSection(SolutionConfigurationPlatforms) = preSolution
		Debug|Any CPU = Debug|Any CPU
		Release|Any CPU = Release|Any CPU
	EndGlobalSection
	GlobalSection(ProjectConfigurationPlatforms) = postSolution
		{3098E331-89D3-4CBF-8CF8-AAA068A057B0}.Debug|Any CPU.ActiveCfg = Debug|Any CPU
		{3098E331-89D3-4CBF-8CF8-AAA068A057B0}.Debug|Any CPU.Build.0 = Debug|Any CPU
		{3098E331-89D3-4CBF-8CF8-AAA068A057B0}.Release|Any CPU.ActiveCfg = Release|Any CPU
		{3098E331-89D3-4CBF-8CF8-AAA068A057B0}.Release|Any CPU.Build.0 = Release|Any CPU
		{74F8F932-305D-249D-B06C-24E9ED52F5DC}.Debug|Any CPU.ActiveCfg = Debug|Any CPU
		{74F8F932-305D-249D-B06C-24E9ED52F5DC}.Debug|Any CPU.Build.0 = Debug|Any CPU
		{74F8F932-305D-249D-B06C-24E9ED52F5DC}.Release|Any CPU.ActiveCfg = Release|Any CPU
		{74F8F932-305D-249D-B06C-24E9ED52F5DC}.Release|Any CPU.Build.0 = Release|Any CPU
		{66BC04B0-973C-487C-9FDC-07C0FC008511}.Debug|Any CPU.ActiveCfg = Debug|Any CPU
		{66BC04B0-973C-487C-9FDC-07C0FC008511}.Debug|Any CPU.Build.0 = Debug|Any CPU
		{66BC04B0-973C-487C-9FDC-07C0FC008511}.Release|Any CPU.ActiveCfg = Release|Any CPU
		{66BC04B0-973C-487C-9FDC-07C0FC008511}.Release|Any CPU.Build.0 = Release|Any CPU
	EndGlobalSection
	GlobalSection(SolutionProperties) = preSolution
		HideSolutionNode = FALSE
	EndGlobalSection
	GlobalSection(ExtensibilityGlobals) = postSolution
		SolutionGuid = {144A0FBD-0658-46E5-94BA-9060A0500FD0}
	EndGlobalSection
EndGlobal
